
Microsoft Visual Studio Solution File, Format Version 12.00
# Visual Studio 2013
VisualStudioVersion = 12.0.40629.0
MinimumVisualStudioVersion = 10.0.40219.1
Project("{FAE04EC0-301F-11D3-BF4B-00C04F79EFBC}") = "MockUpCalculator", "MockUpCalculator\MockUpCalculator.csproj", "{D2FB075C-69C9-4901-B36C-A89CA7413DE7}"
EndProject
Project("{FAE04EC0-301F-11D3-BF4B-00C04F79EFBC}") = "ConverterClassLibrary", "ConverterClassLibrary\ConverterClassLibrary.csproj", "{0956361E-6FB8-4B37-A86D-C648E3822EC4}"
EndProject
Project("{FAE04EC0-301F-11D3-BF4B-00C04F79EFBC}") = "ConverterTest", "ConverterTest\ConverterTest.csproj", "{7B364784-D3EE-44F8-A5F3-F401A81AEF1C}"
EndProject
Project("{FAE04EC0-301F-11D3-BF4B-00C04F79EFBC}") = "UtilityClassLibrary", "UtilityClassLibrary\UtilityClassLibrary.csproj", "{8F7FDA84-D0B5-4CDF-B67B-D3E02299C390}"
EndProject
Project("{FAE04EC0-301F-11D3-BF4B-00C04F79EFBC}") = "UtilityTest", "UtilityTest\UtilityTest.csproj", "{018C1AA3-867A-4FA9-A890-8D5B7BC0E77A}"
EndProject
Project("{FAE04EC0-301F-11D3-BF4B-00C04F79EFBC}") = "UserControlClassLibrary", "UserControlClassLibrary\UserControlClassLibrary.csproj", "{065153FF-F33A-461F-BA24-A82927BD059A}"
EndProject
Project("{FAE04EC0-301F-11D3-BF4B-00C04F79EFBC}") = "ExpressionsClassLibrary", "ExpressionsClassLibrary\ExpressionsClassLibrary.csproj", "{E18F9F83-0306-468C-89FD-B24B54ACC7C4}"
EndProject
Project("{FAE04EC0-301F-11D3-BF4B-00C04F79EFBC}") = "ExpressionsTest", "ExpressionsTest\ExpressionsTest.csproj", "{B8C4FCA7-8ABD-4A42-B5E3-D8C4B5D9832A}"
EndProject
Project("{FAE04EC0-301F-11D3-BF4B-00C04F79EFBC}") = "CalculatorClassLibrary", "CalculatorClassLibrary\CalculatorClassLibrary.csproj", "{CC7A4186-27D9-4F12-B624-8C25BC36FD9E}"
EndProject
Project("{FAE04EC0-301F-11D3-BF4B-00C04F79EFBC}") = "CalculatorIntegrationTest", "CalculatorTest\CalculatorIntegrationTest.csproj", "{A041727D-7D71-4106-BF53-9219A4B08C31}"
EndProject
Project("{FAE04EC0-301F-11D3-BF4B-00C04F79EFBC}") = "FormatterClassLibrary", "FormatterClassLibrary\FormatterClassLibrary.csproj", "{080EF227-2736-4B89-B517-7C34B000F155}"
EndProject
Project("{FAE04EC0-301F-11D3-BF4B-00C04F79EFBC}") = "FormatterTest", "FormatterTest\FormatterTest.csproj", "{BA7BE480-B7E6-4920-AF52-9C0BF67C6CCD}"
EndProject
Project("{FAE04EC0-301F-11D3-BF4B-00C04F79EFBC}") = "StorageClassLibrary", "StorageClassLibrary\StorageClassLibrary.csproj", "{0D93DADA-DE8F-44A1-88BB-D4D14219A64E}"
EndProject
Project("{FAE04EC0-301F-11D3-BF4B-00C04F79EFBC}") = "StorageTest", "StorageTest\StorageTest.csproj", "{D03E12BE-C39D-40DF-B7C7-8F2E6B2ACDB4}"
EndProject
Project("{FAE04EC0-301F-11D3-BF4B-00C04F79EFBC}") = "UserControlTest", "UserControlTest\UserControlTest.csproj", "{67DCA47D-7EFD-42B8-AA6C-C83E8543ECF6}"
EndProject
Project("{FAE04EC0-301F-11D3-BF4B-00C04F79EFBC}") = "MockUpCalculatorIntegrationTest", "MockUpCalculatorIntegrationTest\MockUpCalculatorIntegrationTest.csproj", "{D4DCF091-41FF-4A50-B7F4-2C0F49B0600E}"
EndProject
Project("{FAE04EC0-301F-11D3-BF4B-00C04F79EFBC}") = "WebContentClassLibrary", "WebContentClassLibrary\WebContentClassLibrary.csproj", "{B74D12DD-0755-458E-8DFB-9B3F1517F92C}"
EndProject
Project("{FAE04EC0-301F-11D3-BF4B-00C04F79EFBC}") = "WebContentIntegrationTest", "WebContentTest\WebContentIntegrationTest.csproj", "{4C9AD248-7DD0-4590-8577-989774F43087}"
EndProject
Global
	GlobalSection(SolutionConfigurationPlatforms) = preSolution
		Debug|Any CPU = Debug|Any CPU
		Release|Any CPU = Release|Any CPU
	EndGlobalSection
	GlobalSection(ProjectConfigurationPlatforms) = postSolution
		{D2FB075C-69C9-4901-B36C-A89CA7413DE7}.Debug|Any CPU.ActiveCfg = Debug|Any CPU
		{D2FB075C-69C9-4901-B36C-A89CA7413DE7}.Debug|Any CPU.Build.0 = Debug|Any CPU
		{D2FB075C-69C9-4901-B36C-A89CA7413DE7}.Release|Any CPU.ActiveCfg = Release|Any CPU
		{D2FB075C-69C9-4901-B36C-A89CA7413DE7}.Release|Any CPU.Build.0 = Release|Any CPU
		{0956361E-6FB8-4B37-A86D-C648E3822EC4}.Debug|Any CPU.ActiveCfg = Debug|Any CPU
		{0956361E-6FB8-4B37-A86D-C648E3822EC4}.Debug|Any CPU.Build.0 = Debug|Any CPU
		{0956361E-6FB8-4B37-A86D-C648E3822EC4}.Release|Any CPU.ActiveCfg = Release|Any CPU
		{0956361E-6FB8-4B37-A86D-C648E3822EC4}.Release|Any CPU.Build.0 = Release|Any CPU
		{7B364784-D3EE-44F8-A5F3-F401A81AEF1C}.Debug|Any CPU.ActiveCfg = Debug|Any CPU
		{7B364784-D3EE-44F8-A5F3-F401A81AEF1C}.Debug|Any CPU.Build.0 = Debug|Any CPU
		{7B364784-D3EE-44F8-A5F3-F401A81AEF1C}.Release|Any CPU.ActiveCfg = Release|Any CPU
		{7B364784-D3EE-44F8-A5F3-F401A81AEF1C}.Release|Any CPU.Build.0 = Release|Any CPU
		{8F7FDA84-D0B5-4CDF-B67B-D3E02299C390}.Debug|Any CPU.ActiveCfg = Debug|Any CPU
		{8F7FDA84-D0B5-4CDF-B67B-D3E02299C390}.Debug|Any CPU.Build.0 = Debug|Any CPU
		{8F7FDA84-D0B5-4CDF-B67B-D3E02299C390}.Release|Any CPU.ActiveCfg = Release|Any CPU
		{8F7FDA84-D0B5-4CDF-B67B-D3E02299C390}.Release|Any CPU.Build.0 = Release|Any CPU
		{018C1AA3-867A-4FA9-A890-8D5B7BC0E77A}.Debug|Any CPU.ActiveCfg = Debug|Any CPU
		{018C1AA3-867A-4FA9-A890-8D5B7BC0E77A}.Debug|Any CPU.Build.0 = Debug|Any CPU
		{018C1AA3-867A-4FA9-A890-8D5B7BC0E77A}.Release|Any CPU.ActiveCfg = Release|Any CPU
		{018C1AA3-867A-4FA9-A890-8D5B7BC0E77A}.Release|Any CPU.Build.0 = Release|Any CPU
		{065153FF-F33A-461F-BA24-A82927BD059A}.Debug|Any CPU.ActiveCfg = Debug|Any CPU
		{065153FF-F33A-461F-BA24-A82927BD059A}.Debug|Any CPU.Build.0 = Debug|Any CPU
		{065153FF-F33A-461F-BA24-A82927BD059A}.Release|Any CPU.ActiveCfg = Release|Any CPU
		{065153FF-F33A-461F-BA24-A82927BD059A}.Release|Any CPU.Build.0 = Release|Any CPU
		{E18F9F83-0306-468C-89FD-B24B54ACC7C4}.Debug|Any CPU.ActiveCfg = Debug|Any CPU
		{E18F9F83-0306-468C-89FD-B24B54ACC7C4}.Debug|Any CPU.Build.0 = Debug|Any CPU
		{E18F9F83-0306-468C-89FD-B24B54ACC7C4}.Release|Any CPU.ActiveCfg = Release|Any CPU
		{E18F9F83-0306-468C-89FD-B24B54ACC7C4}.Release|Any CPU.Build.0 = Release|Any CPU
		{B8C4FCA7-8ABD-4A42-B5E3-D8C4B5D9832A}.Debug|Any CPU.ActiveCfg = Debug|Any CPU
		{B8C4FCA7-8ABD-4A42-B5E3-D8C4B5D9832A}.Debug|Any CPU.Build.0 = Debug|Any CPU
		{B8C4FCA7-8ABD-4A42-B5E3-D8C4B5D9832A}.Release|Any CPU.ActiveCfg = Release|Any CPU
		{B8C4FCA7-8ABD-4A42-B5E3-D8C4B5D9832A}.Release|Any CPU.Build.0 = Release|Any CPU
		{CC7A4186-27D9-4F12-B624-8C25BC36FD9E}.Debug|Any CPU.ActiveCfg = Debug|Any CPU
		{CC7A4186-27D9-4F12-B624-8C25BC36FD9E}.Debug|Any CPU.Build.0 = Debug|Any CPU
		{CC7A4186-27D9-4F12-B624-8C25BC36FD9E}.Release|Any CPU.ActiveCfg = Release|Any CPU
		{CC7A4186-27D9-4F12-B624-8C25BC36FD9E}.Release|Any CPU.Build.0 = Release|Any CPU
		{A041727D-7D71-4106-BF53-9219A4B08C31}.Debug|Any CPU.ActiveCfg = Debug|Any CPU
		{A041727D-7D71-4106-BF53-9219A4B08C31}.Debug|Any CPU.Build.0 = Debug|Any CPU
		{A041727D-7D71-4106-BF53-9219A4B08C31}.Release|Any CPU.ActiveCfg = Release|Any CPU
		{A041727D-7D71-4106-BF53-9219A4B08C31}.Release|Any CPU.Build.0 = Release|Any CPU
		{080EF227-2736-4B89-B517-7C34B000F155}.Debug|Any CPU.ActiveCfg = Debug|Any CPU
		{080EF227-2736-4B89-B517-7C34B000F155}.Debug|Any CPU.Build.0 = Debug|Any CPU
		{080EF227-2736-4B89-B517-7C34B000F155}.Release|Any CPU.ActiveCfg = Release|Any CPU
		{080EF227-2736-4B89-B517-7C34B000F155}.Release|Any CPU.Build.0 = Release|Any CPU
		{BA7BE480-B7E6-4920-AF52-9C0BF67C6CCD}.Debug|Any CPU.ActiveCfg = Debug|Any CPU
		{BA7BE480-B7E6-4920-AF52-9C0BF67C6CCD}.Debug|Any CPU.Build.0 = Debug|Any CPU
		{BA7BE480-B7E6-4920-AF52-9C0BF67C6CCD}.Release|Any CPU.ActiveCfg = Release|Any CPU
		{BA7BE480-B7E6-4920-AF52-9C0BF67C6CCD}.Release|Any CPU.Build.0 = Release|Any CPU
		{0D93DADA-DE8F-44A1-88BB-D4D14219A64E}.Debug|Any CPU.ActiveCfg = Debug|Any CPU
		{0D93DADA-DE8F-44A1-88BB-D4D14219A64E}.Debug|Any CPU.Build.0 = Debug|Any CPU
		{0D93DADA-DE8F-44A1-88BB-D4D14219A64E}.Release|Any CPU.ActiveCfg = Release|Any CPU
		{0D93DADA-DE8F-44A1-88BB-D4D14219A64E}.Release|Any CPU.Build.0 = Release|Any CPU
		{D03E12BE-C39D-40DF-B7C7-8F2E6B2ACDB4}.Debug|Any CPU.ActiveCfg = Debug|Any CPU
		{D03E12BE-C39D-40DF-B7C7-8F2E6B2ACDB4}.Debug|Any CPU.Build.0 = Debug|Any CPU
		{D03E12BE-C39D-40DF-B7C7-8F2E6B2ACDB4}.Release|Any CPU.ActiveCfg = Release|Any CPU
		{D03E12BE-C39D-40DF-B7C7-8F2E6B2ACDB4}.Release|Any CPU.Build.0 = Release|Any CPU
		{67DCA47D-7EFD-42B8-AA6C-C83E8543ECF6}.Debug|Any CPU.ActiveCfg = Debug|Any CPU
		{67DCA47D-7EFD-42B8-AA6C-C83E8543ECF6}.Debug|Any CPU.Build.0 = Debug|Any CPU
		{67DCA47D-7EFD-42B8-AA6C-C83E8543ECF6}.Release|Any CPU.ActiveCfg = Release|Any CPU
		{67DCA47D-7EFD-42B8-AA6C-C83E8543ECF6}.Release|Any CPU.Build.0 = Release|Any CPU
		{D4DCF091-41FF-4A50-B7F4-2C0F49B0600E}.Debug|Any CPU.ActiveCfg = Debug|Any CPU
		{D4DCF091-41FF-4A50-B7F4-2C0F49B0600E}.Debug|Any CPU.Build.0 = Debug|Any CPU
		{D4DCF091-41FF-4A50-B7F4-2C0F49B0600E}.Release|Any CPU.ActiveCfg = Release|Any CPU
		{D4DCF091-41FF-4A50-B7F4-2C0F49B0600E}.Release|Any CPU.Build.0 = Release|Any CPU
		{B74D12DD-0755-458E-8DFB-9B3F1517F92C}.Debug|Any CPU.ActiveCfg = Debug|Any CPU
		{B74D12DD-0755-458E-8DFB-9B3F1517F92C}.Debug|Any CPU.Build.0 = Debug|Any CPU
		{B74D12DD-0755-458E-8DFB-9B3F1517F92C}.Release|Any CPU.ActiveCfg = Release|Any CPU
		{B74D12DD-0755-458E-8DFB-9B3F1517F92C}.Release|Any CPU.Build.0 = Release|Any CPU
		{4C9AD248-7DD0-4590-8577-989774F43087}.Debug|Any CPU.ActiveCfg = Debug|Any CPU
		{4C9AD248-7DD0-4590-8577-989774F43087}.Debug|Any CPU.Build.0 = Debug|Any CPU
		{4C9AD248-7DD0-4590-8577-989774F43087}.Release|Any CPU.ActiveCfg = Release|Any CPU
		{4C9AD248-7DD0-4590-8577-989774F43087}.Release|Any CPU.Build.0 = Release|Any CPU
	EndGlobalSection
	GlobalSection(SolutionProperties) = preSolution
		HideSolutionNode = FALSE
	EndGlobalSection
EndGlobal
